
Microsoft Visual Studio Solution File, Format Version 12.00
# Visual Studio Version 16
VisualStudioVersion = 16.0.30104.148
MinimumVisualStudioVersion = 10.0.40219.1
Project("{F184B08F-C81C-45F6-A57F-5ABD9991F28F}") = "ClincApp", "ClincApp.vbproj", "{B9458A24-D190-473B-8855-EB15A03C7FFA}"
EndProject
Global
	GlobalSection(SolutionConfigurationPlatforms) = preSolution
		Debug|Any CPU = Debug|Any CPU
		Release|Any CPU = Release|Any CPU
	EndGlobalSection
	GlobalSection(ProjectConfigurationPlatforms) = postSolution
		{B9458A24-D190-473B-8855-EB15A03C7FFA}.Debug|Any CPU.ActiveCfg = Debug|Any CPU
		{B9458A24-D190-473B-8855-EB15A03C7FFA}.Debug|Any CPU.Build.0 = Debug|Any CPU
		{B9458A24-D190-473B-8855-EB15A03C7FFA}.Release|Any CPU.ActiveCfg = Release|Any CPU
		{B9458A24-D190-473B-8855-EB15A03C7FFA}.Release|Any CPU.Build.0 = Release|Any CPU
	EndGlobalSection
	GlobalSection(SolutionProperties) = preSolution
		HideSolutionNode = FALSE
	EndGlobalSection
	GlobalSection(ExtensibilityGlobals) = postSolution
		SolutionGuid = {02ACC91D-0B11-4E8C-B1CC-78A9FA39CD6C}
	EndGlobalSection
EndGlobal
